// !$*UTF8*$!
{
	archiveVersion = 1;
	classes = {
	};
	objectVersion = 50;
	objects = {

/* Begin PBXBuildFile section */
		846E91E822A7B91F00502D16 /* Solver.h in Sources */ = {isa = PBXBuildFile; fileRef = 846E91E722A7B91F00502D16 /* Solver.h */; };
		846E91F222A7B92D00502D16 /* MaharajahPlaces.vcxproj.filters in Sources */ = {isa = PBXBuildFile; fileRef = 846E91EA22A7B92D00502D16 /* MaharajahPlaces.vcxproj.filters */; };
		846E91F322A7B92D00502D16 /* Desk.cpp in Sources */ = {isa = PBXBuildFile; fileRef = 846E91EB22A7B92D00502D16 /* Desk.cpp */; };
		846E91F422A7B92D00502D16 /* Desk.h in Sources */ = {isa = PBXBuildFile; fileRef = 846E91ED22A7B92D00502D16 /* Desk.h */; };
		846E91F522A7B92D00502D16 /* MaharajahPlaces.cpp in Sources */ = {isa = PBXBuildFile; fileRef = 846E91EE22A7B92D00502D16 /* MaharajahPlaces.cpp */; };
		846E91F622A7B92D00502D16 /* Solver.cpp in Sources */ = {isa = PBXBuildFile; fileRef = 846E91EF22A7B92D00502D16 /* Solver.cpp */; };
		846E91F722A7B92D00502D16 /* MaharajahPlaces.vcxproj in Sources */ = {isa = PBXBuildFile; fileRef = 846E91F022A7B92D00502D16 /* MaharajahPlaces.vcxproj */; };
/* End PBXBuildFile section */

/* Begin PBXCopyFilesBuildPhase section */
		846E91DB22A7B76000502D16 /* CopyFiles */ = {
			isa = PBXCopyFilesBuildPhase;
			buildActionMask = 2147483647;
			dstPath = /usr/share/man/man1/;
			dstSubfolderSpec = 0;
			files = (
			);
			runOnlyForDeploymentPostprocessing = 1;
		};
/* End PBXCopyFilesBuildPhase section */

/* Begin PBXFileReference section */
		846E91DD22A7B76000502D16 /* cpp_maharajah_places */ = {isa = PBXFileReference; explicitFileType = "compiled.mach-o.executable"; includeInIndex = 0; path = cpp_maharajah_places; sourceTree = BUILT_PRODUCTS_DIR; };
		846E91E022A7B76000502D16 /* main.cpp */ = {isa = PBXFileReference; lastKnownFileType = sourcecode.cpp.cpp; path = main.cpp; sourceTree = "<group>"; };
		846E91E722A7B91F00502D16 /* Solver.h */ = {isa = PBXFileReference; lastKnownFileType = sourcecode.c.h; name = Solver.h; path = cpp_maharajah_places/Solver.h; sourceTree = "<group>"; };
		846E91EA22A7B92D00502D16 /* MaharajahPlaces.vcxproj.filters */ = {isa = PBXFileReference; lastKnownFileType = text.xml; name = MaharajahPlaces.vcxproj.filters; path = cpp_maharajah_places/MaharajahPlaces.vcxproj.filters; sourceTree = "<group>"; };
		846E91EB22A7B92D00502D16 /* Desk.cpp */ = {isa = PBXFileReference; lastKnownFileType = sourcecode.cpp.cpp; name = Desk.cpp; path = cpp_maharajah_places/Desk.cpp; sourceTree = "<group>"; };
		846E91EC22A7B92D00502D16 /* Solver.h */ = {isa = PBXFileReference; lastKnownFileType = sourcecode.c.h; name = Solver.h; path = cpp_maharajah_places/Solver.h; sourceTree = "<group>"; };
		846E91ED22A7B92D00502D16 /* Desk.h */ = {isa = PBXFileReference; lastKnownFileType = sourcecode.c.h; name = Desk.h; path = cpp_maharajah_places/Desk.h; sourceTree = "<group>"; };
		846E91EE22A7B92D00502D16 /* MaharajahPlaces.cpp */ = {isa = PBXFileReference; lastKnownFileType = sourcecode.cpp.cpp; name = MaharajahPlaces.cpp; path = cpp_maharajah_places/MaharajahPlaces.cpp; sourceTree = "<group>"; };
		846E91EF22A7B92D00502D16 /* Solver.cpp */ = {isa = PBXFileReference; lastKnownFileType = sourcecode.cpp.cpp; name = Solver.cpp; path = cpp_maharajah_places/Solver.cpp; sourceTree = "<group>"; };
		846E91F022A7B92D00502D16 /* MaharajahPlaces.vcxproj */ = {isa = PBXFileReference; lastKnownFileType = text.xml; name = MaharajahPlaces.vcxproj; path = cpp_maharajah_places/MaharajahPlaces.vcxproj; sourceTree = "<group>"; };
/* End PBXFileReference section */

/* Begin PBXFrameworksBuildPhase section */
		846E91DA22A7B76000502D16 /* Frameworks */ = {
			isa = PBXFrameworksBuildPhase;
			buildActionMask = 2147483647;
			files = (
			);
			runOnlyForDeploymentPostprocessing = 0;
		};
/* End PBXFrameworksBuildPhase section */

/* Begin PBXGroup section */
		846E91D422A7B76000502D16 = {
			isa = PBXGroup;
			children = (
				846E91EF22A7B92D00502D16 /* Solver.cpp */,
				846E91E722A7B91F00502D16 /* Solver.h */,
				846E91EB22A7B92D00502D16 /* Desk.cpp */,
				846E91ED22A7B92D00502D16 /* Desk.h */,
				846E91EE22A7B92D00502D16 /* MaharajahPlaces.cpp */,
				846E91F022A7B92D00502D16 /* MaharajahPlaces.vcxproj */,
				846E91EA22A7B92D00502D16 /* MaharajahPlaces.vcxproj.filters */,
				846E91EC22A7B92D00502D16 /* Solver.h */,
				846E91DF22A7B76000502D16 /* cpp_maharajah_places */,
				846E91DE22A7B76000502D16 /* Products */,
			);
			sourceTree = "<group>";
		};
		846E91DE22A7B76000502D16 /* Products */ = {
			isa = PBXGroup;
			children = (
				846E91DD22A7B76000502D16 /* cpp_maharajah_places */,
			);
			name = Products;
			sourceTree = "<group>";
		};
		846E91DF22A7B76000502D16 /* cpp_maharajah_places */ = {
			isa = PBXGroup;
			children = (
				846E91E022A7B76000502D16 /* main.cpp */,
			);
			path = cpp_maharajah_places;
			sourceTree = "<group>";
		};
/* End PBXGroup section */

/* Begin PBXNativeTarget section */
		846E91DC22A7B76000502D16 /* cpp_maharajah_places */ = {
			isa = PBXNativeTarget;
			buildConfigurationList = 846E91E422A7B76000502D16 /* Build configuration list for PBXNativeTarget "cpp_maharajah_places" */;
			buildPhases = (
				846E91D922A7B76000502D16 /* Sources */,
				846E91DA22A7B76000502D16 /* Frameworks */,
				846E91DB22A7B76000502D16 /* CopyFiles */,
			);
			buildRules = (
			);
			dependencies = (
			);
			name = cpp_maharajah_places;
			productName = cpp_maharajah_places;
			productReference = 846E91DD22A7B76000502D16 /* cpp_maharajah_places */;
			productType = "com.apple.product-type.tool";
		};
/* End PBXNativeTarget section */

/* Begin PBXProject section */
		846E91D522A7B76000502D16 /* Project object */ = {
			isa = PBXProject;
			attributes = {
				LastUpgradeCheck = 1020;
				ORGANIZATIONNAME = vanderkast;
				TargetAttributes = {
					846E91DC22A7B76000502D16 = {
						CreatedOnToolsVersion = 10.2.1;
					};
				};
			};
			buildConfigurationList = 846E91D822A7B76000502D16 /* Build configuration list for PBXProject "cpp_maharajah_places" */;
			compatibilityVersion = "Xcode 9.3";
			developmentRegion = en;
			hasScannedForEncodings = 0;
			knownRegions = (
				en,
			);
			mainGroup = 846E91D422A7B76000502D16;
			productRefGroup = 846E91DE22A7B76000502D16 /* Products */;
			projectDirPath = "";
			projectRoot = "";
			targets = (
				846E91DC22A7B76000502D16 /* cpp_maharajah_places */,
			);
		};
/* End PBXProject section */

/* Begin PBXSourcesBuildPhase section */
		846E91D922A7B76000502D16 /* Sources */ = {
			isa = PBXSourcesBuildPhase;
			buildActionMask = 2147483647;
			files = (
				846E91F222A7B92D00502D16 /* MaharajahPlaces.vcxproj.filters in Sources */,
				846E91F322A7B92D00502D16 /* Desk.cpp in Sources */,
				846E91E822A7B91F00502D16 /* Solver.h in Sources */,
				846E91F422A7B92D00502D16 /* Desk.h in Sources */,
				846E91F522A7B92D00502D16 /* MaharajahPlaces.cpp in Sources */,
				846E91F622A7B92D00502D16 /* Solver.cpp in Sources */,
				846E91F722A7B92D00502D16 /* MaharajahPlaces.vcxproj in Sources */,
			);
			runOnlyForDeploymentPostprocessing = 0;
		};
/* End PBXSourcesBuildPhase section */

/* Begin XCBuildConfiguration section */
		846E91E222A7B76000502D16 /* Debug */ = {
			isa = XCBuildConfiguration;
			buildSettings = {
				ALWAYS_SEARCH_USER_PATHS = NO;
				CLANG_ANALYZER_NONNULL = YES;
				CLANG_ANALYZER_NUMBER_OBJECT_CONVERSION = YES_AGGRESSIVE;
				CLANG_CXX_LANGUAGE_STANDARD = "gnu++14";
				CLANG_CXX_LIBRARY = "libc++";
				CLANG_ENABLE_MODULES = YES;
				CLANG_ENABLE_OBJC_ARC = YES;
				CLANG_ENABLE_OBJC_WEAK = YES;
				CLANG_WARN_BLOCK_CAPTURE_AUTORELEASING = YES;
				CLANG_WARN_BOOL_CONVERSION = YES;
				CLANG_WARN_COMMA = YES;
				CLANG_WARN_CONSTANT_CONVERSION = YES;
				CLANG_WARN_DEPRECATED_OBJC_IMPLEMENTATIONS = YES;
				CLANG_WARN_DIRECT_OBJC_ISA_USAGE = YES_ERROR;
				CLANG_WARN_DOCUMENTATION_COMMENTS = YES;
				CLANG_WARN_EMPTY_BODY = YES;
				CLANG_WARN_ENUM_CONVERSION = YES;
				CLANG_WARN_INFINITE_RECURSION = YES;
				CLANG_WARN_INT_CONVERSION = YES;
				CLANG_WARN_NON_LITERAL_NULL_CONVERSION = YES;
				CLANG_WARN_OBJC_IMPLICIT_RETAIN_SELF = YES;
				CLANG_WARN_OBJC_LITERAL_CONVERSION = YES;
				CLANG_WARN_OBJC_ROOT_CLASS = YES_ERROR;
				CLANG_WARN_RANGE_LOOP_ANALYSIS = YES;
				CLANG_WARN_STRICT_PROTOTYPES = YES;
				CLANG_WARN_SUSPICIOUS_MOVE = YES;
				CLANG_WARN_UNGUARDED_AVAILABILITY = YES_AGGRESSIVE;
				CLANG_WARN_UNREACHABLE_CODE = YES;
				CLANG_WARN__DUPLICATE_METHOD_MATCH = YES;
				CODE_SIGN_IDENTITY = "-";
				COPY_PHASE_STRIP = NO;
				DEBUG_INFORMATION_FORMAT = dwarf;
				ENABLE_STRICT_OBJC_MSGSEND = YES;
				ENABLE_TESTABILITY = YES;
				GCC_C_LANGUAGE_STANDARD = gnu11;
				GCC_DYNAMIC_NO_PIC = NO;
				GCC_NO_COMMON_BLOCKS = YES;
				GCC_OPTIMIZATION_LEVEL = 0;
				GCC_PREPROCESSOR_DEFINITIONS = (
					"DEBUG=1",
					"$(inherited)",
				);
				GCC_WARN_64_TO_32_BIT_CONVERSION = YES;
				GCC_WARN_ABOUT_RETURN_TYPE = YES_ERROR;
				GCC_WARN_UNDECLARED_SELECTOR = YES;
				GCC_WARN_UNINITIALIZED_AUTOS = YES_AGGRESSIVE;
				GCC_WARN_UNUSED_FUNCTION = YES;
				GCC_WARN_UNUSED_VARIABLE = YES;
				MACOSX_DEPLOYMENT_TARGET = 10.14;
				MTL_ENABLE_DEBUG_INFO = INCLUDE_SOURCE;
				MTL_FAST_MATH = YES;
				ONLY_ACTIVE_ARCH = YES;
				SDKROOT = macosx;
			};
			name = Debug;
		};
		846E91E322A7B76000502D16 /* Release */ = {
			isa = XCBuildConfiguration;
			buildSettings = {
				ALWAYS_SEARCH_USER_PATHS = NO;
				CLANG_ANALYZER_NONNULL = YES;
				CLANG_ANALYZER_NUMBER_OBJECT_CONVERSION = YES_AGGRESSIVE;
				CLANG_CXX_LANGUAGE_STANDARD = "gnu++14";
				CLANG_CXX_LIBRARY = "libc++";
				CLANG_ENABLE_MODULES = YES;
				CLANG_ENABLE_OBJC_ARC = YES;
				CLANG_ENABLE_OBJC_WEAK = YES;
				CLANG_WARN_BLOCK_CAPTURE_AUTORELEASING = YES;
				CLANG_WARN_BOOL_CONVERSION = YES;
				CLANG_WARN_COMMA = YES;
				CLANG_WARN_CONSTANT_CONVERSION = YES;
				CLANG_WARN_DEPRECATED_OBJC_IMPLEMENTATIONS = YES;
				CLANG_WARN_DIRECT_OBJC_ISA_USAGE = YES_ERROR;
				CLANG_WARN_DOCUMENTATION_COMMENTS = YES;
				CLANG_WARN_EMPTY_BODY = YES;
				CLANG_WARN_ENUM_CONVERSION = YES;
				CLANG_WARN_INFINITE_RECURSION = YES;
				CLANG_WARN_INT_CONVERSION = YES;
				CLANG_WARN_NON_LITERAL_NULL_CONVERSION = YES;
				CLANG_WARN_OBJC_IMPLICIT_RETAIN_SELF = YES;
				CLANG_WARN_OBJC_LITERAL_CONVERSION = YES;
				CLANG_WARN_OBJC_ROOT_CLASS = YES_ERROR;
				CLANG_WARN_RANGE_LOOP_ANALYSIS = YES;
				CLANG_WARN_STRICT_PROTOTYPES = YES;
				CLANG_WARN_SUSPICIOUS_MOVE = YES;
				CLANG_WARN_UNGUARDED_AVAILABILITY = YES_AGGRESSIVE;
				CLANG_WARN_UNREACHABLE_CODE = YES;
				CLANG_WARN__DUPLICATE_METHOD_MATCH = YES;
				CODE_SIGN_IDENTITY = "-";
				COPY_PHASE_STRIP = NO;
				DEBUG_INFORMATION_FORMAT = "dwarf-with-dsym";
				ENABLE_NS_ASSERTIONS = NO;
				ENABLE_STRICT_OBJC_MSGSEND = YES;
				GCC_C_LANGUAGE_STANDARD = gnu11;
				GCC_NO_COMMON_BLOCKS = YES;
				GCC_WARN_64_TO_32_BIT_CONVERSION = YES;
				GCC_WARN_ABOUT_RETURN_TYPE = YES_ERROR;
				GCC_WARN_UNDECLARED_SELECTOR = YES;
				GCC_WARN_UNINITIALIZED_AUTOS = YES_AGGRESSIVE;
				GCC_WARN_UNUSED_FUNCTION = YES;
				GCC_WARN_UNUSED_VARIABLE = YES;
				MACOSX_DEPLOYMENT_TARGET = 10.14;
				MTL_ENABLE_DEBUG_INFO = NO;
				MTL_FAST_MATH = YES;
				SDKROOT = macosx;
			};
			name = Release;
		};
		846E91E522A7B76000502D16 /* Debug */ = {
			isa = XCBuildConfiguration;
			buildSettings = {
				CODE_SIGN_STYLE = Automatic;
				PRODUCT_NAME = "$(TARGET_NAME)";
			};
			name = Debug;
		};
		846E91E622A7B76000502D16 /* Release */ = {
			isa = XCBuildConfiguration;
			buildSettings = {
				CODE_SIGN_STYLE = Automatic;
				PRODUCT_NAME = "$(TARGET_NAME)";
			};
			name = Release;
		};
/* End XCBuildConfiguration section */

/* Begin XCConfigurationList section */
		846E91D822A7B76000502D16 /* Build configuration list for PBXProject "cpp_maharajah_places" */ = {
			isa = XCConfigurationList;
			buildConfigurations = (
				846E91E222A7B76000502D16 /* Debug */,
				846E91E322A7B76000502D16 /* Release */,
			);
			defaultConfigurationIsVisible = 0;
			defaultConfigurationName = Release;
		};
		846E91E422A7B76000502D16 /* Build configuration list for PBXNativeTarget "cpp_maharajah_places" */ = {
			isa = XCConfigurationList;
			buildConfigurations = (
				846E91E522A7B76000502D16 /* Debug */,
				846E91E622A7B76000502D16 /* Release */,
			);
			defaultConfigurationIsVisible = 0;
			defaultConfigurationName = Release;
		};
/* End XCConfigurationList section */
	};
	rootObject = 846E91D522A7B76000502D16 /* Project object */;
}
